// !$*UTF8*$!
{
	archiveVersion = 1;
	classes = {
	};
	objectVersion = 46;
	objects = {

/* Begin PBXBuildFile section */
		030C71F41BA4B6FB007F7200 /* AppDelegate.swift in Sources */ = {isa = PBXBuildFile; fileRef = 030C71F31BA4B6FB007F7200 /* AppDelegate.swift */; };
		030C71F61BA4B6FB007F7200 /* ViewController.swift in Sources */ = {isa = PBXBuildFile; fileRef = 030C71F51BA4B6FB007F7200 /* ViewController.swift */; };
		030C71F91BA4B6FB007F7200 /* Main.storyboard in Resources */ = {isa = PBXBuildFile; fileRef = 030C71F71BA4B6FB007F7200 /* Main.storyboard */; };
		030C71FB1BA4B6FB007F7200 /* Images.xcassets in Resources */ = {isa = PBXBuildFile; fileRef = 030C71FA1BA4B6FB007F7200 /* Images.xcassets */; };
		030C71FE1BA4B6FB007F7200 /* LaunchScreen.xib in Resources */ = {isa = PBXBuildFile; fileRef = 030C71FC1BA4B6FB007F7200 /* LaunchScreen.xib */; };
		030C720A1BA4B6FB007F7200 /* StudrTests.swift in Sources */ = {isa = PBXBuildFile; fileRef = 030C72091BA4B6FB007F7200 /* StudrTests.swift */; };
		030C72341BA4B9BF007F7200 /* Bolts.framework in Frameworks */ = {isa = PBXBuildFile; fileRef = 030C72321BA4B9BF007F7200 /* Bolts.framework */; };
		030C72351BA4B9BF007F7200 /* Parse.framework in Frameworks */ = {isa = PBXBuildFile; fileRef = 030C72331BA4B9BF007F7200 /* Parse.framework */; };
		030C72371BA4B9D0007F7200 /* Accounts.framework in Frameworks */ = {isa = PBXBuildFile; fileRef = 030C72361BA4B9D0007F7200 /* Accounts.framework */; };
		030C72391BA4B9D7007F7200 /* AudioToolbox.framework in Frameworks */ = {isa = PBXBuildFile; fileRef = 030C72381BA4B9D7007F7200 /* AudioToolbox.framework */; };
		030C723B1BA4B9E3007F7200 /* CFNetwork.framework in Frameworks */ = {isa = PBXBuildFile; fileRef = 030C723A1BA4B9E3007F7200 /* CFNetwork.framework */; };
		030C723D1BA4B9F1007F7200 /* CoreGraphics.framework in Frameworks */ = {isa = PBXBuildFile; fileRef = 030C723C1BA4B9F1007F7200 /* CoreGraphics.framework */; };
		030C723F1BA4B9F8007F7200 /* CoreLocation.framework in Frameworks */ = {isa = PBXBuildFile; fileRef = 030C723E1BA4B9F8007F7200 /* CoreLocation.framework */; };
		030C72411BA4BA09007F7200 /* QuartzCore.framework in Frameworks */ = {isa = PBXBuildFile; fileRef = 030C72401BA4BA09007F7200 /* QuartzCore.framework */; };
		030C72431BA4BA10007F7200 /* Security.framework in Frameworks */ = {isa = PBXBuildFile; fileRef = 030C72421BA4BA10007F7200 /* Security.framework */; };
		030C72451BA4BA1A007F7200 /* Social.framework in Frameworks */ = {isa = PBXBuildFile; fileRef = 030C72441BA4BA1A007F7200 /* Social.framework */; };
		030C72491BA4BA2D007F7200 /* SystemConfiguration.framework in Frameworks */ = {isa = PBXBuildFile; fileRef = 030C72481BA4BA2D007F7200 /* SystemConfiguration.framework */; };
		030C724B1BA4BA3A007F7200 /* libz.dylib in Frameworks */ = {isa = PBXBuildFile; fileRef = 030C724A1BA4BA3A007F7200 /* libz.dylib */; };
		030C724D1BA4BA47007F7200 /* libsqlite3.dylib in Frameworks */ = {isa = PBXBuildFile; fileRef = 030C724C1BA4BA47007F7200 /* libsqlite3.dylib */; };
		030C72551BA4BAE2007F7200 /* ParseUI.framework in Frameworks */ = {isa = PBXBuildFile; fileRef = 030C72541BA4BAE2007F7200 /* ParseUI.framework */; };
		030C72591BA4BC52007F7200 /* FriendsTableViewController.swift in Sources */ = {isa = PBXBuildFile; fileRef = 030C72561BA4BC52007F7200 /* FriendsTableViewController.swift */; };
		030C725A1BA4BC52007F7200 /* CreateGroupViewController.swift in Sources */ = {isa = PBXBuildFile; fileRef = 030C72571BA4BC52007F7200 /* CreateGroupViewController.swift */; };
		030C725B1BA4BC52007F7200 /* GroupTableViewController.swift in Sources */ = {isa = PBXBuildFile; fileRef = 030C72581BA4BC52007F7200 /* GroupTableViewController.swift */; };
		030C725D1BA4C91C007F7200 /* LogInViewController.swift in Sources */ = {isa = PBXBuildFile; fileRef = 030C725C1BA4C91C007F7200 /* LogInViewController.swift */; };
		030C725F1BA4D1AC007F7200 /* InformationTableViewController.swift in Sources */ = {isa = PBXBuildFile; fileRef = 030C725E1BA4D1AC007F7200 /* InformationTableViewController.swift */; };
		030C72611BA4E980007F7200 /* SignUpViewController.swift in Sources */ = {isa = PBXBuildFile; fileRef = 030C72601BA4E980007F7200 /* SignUpViewController.swift */; };
		03EBBE491BA4FA6000D328FF /* AvailabilityViewController.swift in Sources */ = {isa = PBXBuildFile; fileRef = 03EBBE481BA4FA6000D328FF /* AvailabilityViewController.swift */; };
		7C2356DA1BA551BE004AD5EA /* FriendManagerTableViewController.swift in Sources */ = {isa = PBXBuildFile; fileRef = 7C2356D91BA551BE004AD5EA /* FriendManagerTableViewController.swift */; };
		CC59107D1BA517FD00AB51E6 /* Database.swift in Sources */ = {isa = PBXBuildFile; fileRef = CC59107C1BA517FD00AB51E6 /* Database.swift */; };
		CC59107F1BA5217800AB51E6 /* FriendTableViewController.swift in Sources */ = {isa = PBXBuildFile; fileRef = CC59107E1BA5217800AB51E6 /* FriendTableViewController.swift */; };
		CCBB7A461BA540DA00A46F17 /* Group.swift in Sources */ = {isa = PBXBuildFile; fileRef = CCBB7A451BA540DA00A46F17 /* Group.swift */; };
		FB272AAB61975E9151E5033C /* Pods_Studr.framework in Frameworks */ = {isa = PBXBuildFile; fileRef = 7661CC81EAD296B5D2687976 /* Pods_Studr.framework */; settings = {ATTRIBUTES = (Required, ); }; };
/* End PBXBuildFile section */

/* Begin PBXContainerItemProxy section */
		030C72041BA4B6FB007F7200 /* PBXContainerItemProxy */ = {
			isa = PBXContainerItemProxy;
			containerPortal = 030C71E61BA4B6FA007F7200 /* Project object */;
			proxyType = 1;
			remoteGlobalIDString = 030C71ED1BA4B6FB007F7200;
			remoteInfo = Studr;
		};
/* End PBXContainerItemProxy section */

/* Begin PBXFileReference section */
		030C71EE1BA4B6FB007F7200 /* Studr.app */ = {isa = PBXFileReference; explicitFileType = wrapper.application; includeInIndex = 0; path = Studr.app; sourceTree = BUILT_PRODUCTS_DIR; };
		030C71F21BA4B6FB007F7200 /* Info.plist */ = {isa = PBXFileReference; lastKnownFileType = text.plist.xml; path = Info.plist; sourceTree = "<group>"; };
		030C71F31BA4B6FB007F7200 /* AppDelegate.swift */ = {isa = PBXFileReference; lastKnownFileType = sourcecode.swift; path = AppDelegate.swift; sourceTree = "<group>"; };
		030C71F51BA4B6FB007F7200 /* ViewController.swift */ = {isa = PBXFileReference; lastKnownFileType = sourcecode.swift; path = ViewController.swift; sourceTree = "<group>"; };
		030C71F81BA4B6FB007F7200 /* Base */ = {isa = PBXFileReference; lastKnownFileType = file.storyboard; name = Base; path = Base.lproj/Main.storyboard; sourceTree = "<group>"; };
		030C71FA1BA4B6FB007F7200 /* Images.xcassets */ = {isa = PBXFileReference; lastKnownFileType = folder.assetcatalog; path = Images.xcassets; sourceTree = "<group>"; };
		030C71FD1BA4B6FB007F7200 /* Base */ = {isa = PBXFileReference; lastKnownFileType = file.xib; name = Base; path = Base.lproj/LaunchScreen.xib; sourceTree = "<group>"; };
		030C72031BA4B6FB007F7200 /* StudrTests.xctest */ = {isa = PBXFileReference; explicitFileType = wrapper.cfbundle; includeInIndex = 0; path = StudrTests.xctest; sourceTree = BUILT_PRODUCTS_DIR; };
		030C72081BA4B6FB007F7200 /* Info.plist */ = {isa = PBXFileReference; lastKnownFileType = text.plist.xml; path = Info.plist; sourceTree = "<group>"; };
		030C72091BA4B6FB007F7200 /* StudrTests.swift */ = {isa = PBXFileReference; lastKnownFileType = sourcecode.swift; path = StudrTests.swift; sourceTree = "<group>"; };
		030C72321BA4B9BF007F7200 /* Bolts.framework */ = {isa = PBXFileReference; lastKnownFileType = wrapper.framework; path = Bolts.framework; sourceTree = "<group>"; };
		030C72331BA4B9BF007F7200 /* Parse.framework */ = {isa = PBXFileReference; lastKnownFileType = wrapper.framework; path = Parse.framework; sourceTree = "<group>"; };
		030C72361BA4B9D0007F7200 /* Accounts.framework */ = {isa = PBXFileReference; lastKnownFileType = wrapper.framework; name = Accounts.framework; path = System/Library/Frameworks/Accounts.framework; sourceTree = SDKROOT; };
		030C72381BA4B9D7007F7200 /* AudioToolbox.framework */ = {isa = PBXFileReference; lastKnownFileType = wrapper.framework; name = AudioToolbox.framework; path = System/Library/Frameworks/AudioToolbox.framework; sourceTree = SDKROOT; };
		030C723A1BA4B9E3007F7200 /* CFNetwork.framework */ = {isa = PBXFileReference; lastKnownFileType = wrapper.framework; name = CFNetwork.framework; path = System/Library/Frameworks/CFNetwork.framework; sourceTree = SDKROOT; };
		030C723C1BA4B9F1007F7200 /* CoreGraphics.framework */ = {isa = PBXFileReference; lastKnownFileType = wrapper.framework; name = CoreGraphics.framework; path = System/Library/Frameworks/CoreGraphics.framework; sourceTree = SDKROOT; };
		030C723E1BA4B9F8007F7200 /* CoreLocation.framework */ = {isa = PBXFileReference; lastKnownFileType = wrapper.framework; name = CoreLocation.framework; path = System/Library/Frameworks/CoreLocation.framework; sourceTree = SDKROOT; };
		030C72401BA4BA09007F7200 /* QuartzCore.framework */ = {isa = PBXFileReference; lastKnownFileType = wrapper.framework; name = QuartzCore.framework; path = System/Library/Frameworks/QuartzCore.framework; sourceTree = SDKROOT; };
		030C72421BA4BA10007F7200 /* Security.framework */ = {isa = PBXFileReference; lastKnownFileType = wrapper.framework; name = Security.framework; path = System/Library/Frameworks/Security.framework; sourceTree = SDKROOT; };
		030C72441BA4BA1A007F7200 /* Social.framework */ = {isa = PBXFileReference; lastKnownFileType = wrapper.framework; name = Social.framework; path = System/Library/Frameworks/Social.framework; sourceTree = SDKROOT; };
		030C72481BA4BA2D007F7200 /* SystemConfiguration.framework */ = {isa = PBXFileReference; lastKnownFileType = wrapper.framework; name = SystemConfiguration.framework; path = System/Library/Frameworks/SystemConfiguration.framework; sourceTree = SDKROOT; };
		030C724A1BA4BA3A007F7200 /* libz.dylib */ = {isa = PBXFileReference; lastKnownFileType = "compiled.mach-o.dylib"; name = libz.dylib; path = usr/lib/libz.dylib; sourceTree = SDKROOT; };
		030C724C1BA4BA47007F7200 /* libsqlite3.dylib */ = {isa = PBXFileReference; lastKnownFileType = "compiled.mach-o.dylib"; name = libsqlite3.dylib; path = usr/lib/libsqlite3.dylib; sourceTree = SDKROOT; };
		030C72541BA4BAE2007F7200 /* ParseUI.framework */ = {isa = PBXFileReference; lastKnownFileType = wrapper.framework; path = ParseUI.framework; sourceTree = "<group>"; };
		030C72561BA4BC52007F7200 /* FriendsTableViewController.swift */ = {isa = PBXFileReference; fileEncoding = 4; lastKnownFileType = sourcecode.swift; path = FriendsTableViewController.swift; sourceTree = "<group>"; };
		030C72571BA4BC52007F7200 /* CreateGroupViewController.swift */ = {isa = PBXFileReference; fileEncoding = 4; lastKnownFileType = sourcecode.swift; path = CreateGroupViewController.swift; sourceTree = "<group>"; };
		030C72581BA4BC52007F7200 /* GroupTableViewController.swift */ = {isa = PBXFileReference; fileEncoding = 4; lastKnownFileType = sourcecode.swift; path = GroupTableViewController.swift; sourceTree = "<group>"; };
		030C725C1BA4C91C007F7200 /* LogInViewController.swift */ = {isa = PBXFileReference; fileEncoding = 4; lastKnownFileType = sourcecode.swift; path = LogInViewController.swift; sourceTree = "<group>"; };
		030C725E1BA4D1AC007F7200 /* InformationTableViewController.swift */ = {isa = PBXFileReference; fileEncoding = 4; lastKnownFileType = sourcecode.swift; path = InformationTableViewController.swift; sourceTree = "<group>"; };
		030C72601BA4E980007F7200 /* SignUpViewController.swift */ = {isa = PBXFileReference; fileEncoding = 4; lastKnownFileType = sourcecode.swift; path = SignUpViewController.swift; sourceTree = "<group>"; };
		03EBBE481BA4FA6000D328FF /* AvailabilityViewController.swift */ = {isa = PBXFileReference; fileEncoding = 4; lastKnownFileType = sourcecode.swift; path = AvailabilityViewController.swift; sourceTree = "<group>"; };
		5C10A888ACB9DEF36F061F5F /* Pods-Studr.release.xcconfig */ = {isa = PBXFileReference; includeInIndex = 1; lastKnownFileType = text.xcconfig; name = "Pods-Studr.release.xcconfig"; path = "Pods/Target Support Files/Pods-Studr/Pods-Studr.release.xcconfig"; sourceTree = "<group>"; };
		7661CC81EAD296B5D2687976 /* Pods_Studr.framework */ = {isa = PBXFileReference; explicitFileType = wrapper.framework; includeInIndex = 0; path = Pods_Studr.framework; sourceTree = BUILT_PRODUCTS_DIR; };
		7C2356D91BA551BE004AD5EA /* FriendManagerTableViewController.swift */ = {isa = PBXFileReference; fileEncoding = 4; lastKnownFileType = sourcecode.swift; path = FriendManagerTableViewController.swift; sourceTree = "<group>"; };
		BC035CF6D61E01DCF33C067C /* Pods-Studr.debug.xcconfig */ = {isa = PBXFileReference; includeInIndex = 1; lastKnownFileType = text.xcconfig; name = "Pods-Studr.debug.xcconfig"; path = "Pods/Target Support Files/Pods-Studr/Pods-Studr.debug.xcconfig"; sourceTree = "<group>"; };
		CC59107C1BA517FD00AB51E6 /* Database.swift */ = {isa = PBXFileReference; fileEncoding = 4; lastKnownFileType = sourcecode.swift; path = Database.swift; sourceTree = "<group>"; };
		CC59107E1BA5217800AB51E6 /* FriendTableViewController.swift */ = {isa = PBXFileReference; fileEncoding = 4; lastKnownFileType = sourcecode.swift; path = FriendTableViewController.swift; sourceTree = "<group>"; };
		CCBB7A451BA540DA00A46F17 /* Group.swift */ = {isa = PBXFileReference; fileEncoding = 4; lastKnownFileType = sourcecode.swift; path = Group.swift; sourceTree = "<group>"; };
/* End PBXFileReference section */

/* Begin PBXFrameworksBuildPhase section */
		030C71EB1BA4B6FB007F7200 /* Frameworks */ = {
			isa = PBXFrameworksBuildPhase;
			buildActionMask = 2147483647;
			files = (
				030C724D1BA4BA47007F7200 /* libsqlite3.dylib in Frameworks */,
				030C724B1BA4BA3A007F7200 /* libz.dylib in Frameworks */,
				030C72491BA4BA2D007F7200 /* SystemConfiguration.framework in Frameworks */,
				030C72451BA4BA1A007F7200 /* Social.framework in Frameworks */,
				030C72431BA4BA10007F7200 /* Security.framework in Frameworks */,
				030C72551BA4BAE2007F7200 /* ParseUI.framework in Frameworks */,
				030C72411BA4BA09007F7200 /* QuartzCore.framework in Frameworks */,
				030C723F1BA4B9F8007F7200 /* CoreLocation.framework in Frameworks */,
				030C723D1BA4B9F1007F7200 /* CoreGraphics.framework in Frameworks */,
				030C723B1BA4B9E3007F7200 /* CFNetwork.framework in Frameworks */,
				030C72391BA4B9D7007F7200 /* AudioToolbox.framework in Frameworks */,
				030C72371BA4B9D0007F7200 /* Accounts.framework in Frameworks */,
				FB272AAB61975E9151E5033C /* Pods_Studr.framework in Frameworks */,
				030C72351BA4B9BF007F7200 /* Parse.framework in Frameworks */,
				030C72341BA4B9BF007F7200 /* Bolts.framework in Frameworks */,
			);
			runOnlyForDeploymentPostprocessing = 0;
		};
		030C72001BA4B6FB007F7200 /* Frameworks */ = {
			isa = PBXFrameworksBuildPhase;
			buildActionMask = 2147483647;
			files = (
			);
			runOnlyForDeploymentPostprocessing = 0;
		};
/* End PBXFrameworksBuildPhase section */

/* Begin PBXGroup section */
		030C71E51BA4B6FA007F7200 = {
			isa = PBXGroup;
			children = (
				030C71F01BA4B6FB007F7200 /* Studr */,
				030C72061BA4B6FB007F7200 /* StudrTests */,
				030C71EF1BA4B6FB007F7200 /* Products */,
				28C90D64A478686E67AAE1C6 /* Pods */,
				7502627DFD7850630DA5D39D /* Frameworks */,
			);
			sourceTree = "<group>";
		};
		030C71EF1BA4B6FB007F7200 /* Products */ = {
			isa = PBXGroup;
			children = (
				030C71EE1BA4B6FB007F7200 /* Studr.app */,
				030C72031BA4B6FB007F7200 /* StudrTests.xctest */,
			);
			name = Products;
			sourceTree = "<group>";
		};
		030C71F01BA4B6FB007F7200 /* Studr */ = {
			isa = PBXGroup;
			children = (
				030C72311BA4B95F007F7200 /* Frameworks */,
				030C71F31BA4B6FB007F7200 /* AppDelegate.swift */,
				030C71F51BA4B6FB007F7200 /* ViewController.swift */,
				CC59107E1BA5217800AB51E6 /* FriendTableViewController.swift */,
				7C2356D91BA551BE004AD5EA /* FriendManagerTableViewController.swift */,
				CC59107C1BA517FD00AB51E6 /* Database.swift */,
				CCBB7A451BA540DA00A46F17 /* Group.swift */,
				030C725C1BA4C91C007F7200 /* LogInViewController.swift */,
				030C72601BA4E980007F7200 /* SignUpViewController.swift */,
				030C725E1BA4D1AC007F7200 /* InformationTableViewController.swift */,
				030C72581BA4BC52007F7200 /* GroupTableViewController.swift */,
				030C72571BA4BC52007F7200 /* CreateGroupViewController.swift */,
				030C72561BA4BC52007F7200 /* FriendsTableViewController.swift */,
				03EBBE481BA4FA6000D328FF /* AvailabilityViewController.swift */,
				030C71F71BA4B6FB007F7200 /* Main.storyboard */,
				030C71FA1BA4B6FB007F7200 /* Images.xcassets */,
				030C71FC1BA4B6FB007F7200 /* LaunchScreen.xib */,
				030C71F11BA4B6FB007F7200 /* Supporting Files */,
			);
			path = Studr;
			sourceTree = "<group>";
		};
		030C71F11BA4B6FB007F7200 /* Supporting Files */ = {
			isa = PBXGroup;
			children = (
				030C71F21BA4B6FB007F7200 /* Info.plist */,
			);
			name = "Supporting Files";
			sourceTree = "<group>";
		};
		030C72061BA4B6FB007F7200 /* StudrTests */ = {
			isa = PBXGroup;
			children = (
				030C72091BA4B6FB007F7200 /* StudrTests.swift */,
				030C72071BA4B6FB007F7200 /* Supporting Files */,
			);
			path = StudrTests;
			sourceTree = "<group>";
		};
		030C72071BA4B6FB007F7200 /* Supporting Files */ = {
			isa = PBXGroup;
			children = (
				030C72081BA4B6FB007F7200 /* Info.plist */,
			);
			name = "Supporting Files";
			sourceTree = "<group>";
		};
		030C72311BA4B95F007F7200 /* Frameworks */ = {
			isa = PBXGroup;
			children = (
				030C72541BA4BAE2007F7200 /* ParseUI.framework */,
				030C72321BA4B9BF007F7200 /* Bolts.framework */,
				030C72331BA4B9BF007F7200 /* Parse.framework */,
			);
			name = Frameworks;
			sourceTree = "<group>";
		};
		28C90D64A478686E67AAE1C6 /* Pods */ = {
			isa = PBXGroup;
			children = (
				BC035CF6D61E01DCF33C067C /* Pods-Studr.debug.xcconfig */,
				5C10A888ACB9DEF36F061F5F /* Pods-Studr.release.xcconfig */,
			);
			name = Pods;
			sourceTree = "<group>";
		};
		7502627DFD7850630DA5D39D /* Frameworks */ = {
			isa = PBXGroup;
			children = (
				030C724C1BA4BA47007F7200 /* libsqlite3.dylib */,
				030C724A1BA4BA3A007F7200 /* libz.dylib */,
				030C72481BA4BA2D007F7200 /* SystemConfiguration.framework */,
				030C72441BA4BA1A007F7200 /* Social.framework */,
				030C72421BA4BA10007F7200 /* Security.framework */,
				030C72401BA4BA09007F7200 /* QuartzCore.framework */,
				030C723E1BA4B9F8007F7200 /* CoreLocation.framework */,
				030C723C1BA4B9F1007F7200 /* CoreGraphics.framework */,
				030C723A1BA4B9E3007F7200 /* CFNetwork.framework */,
				030C72381BA4B9D7007F7200 /* AudioToolbox.framework */,
				030C72361BA4B9D0007F7200 /* Accounts.framework */,
				7661CC81EAD296B5D2687976 /* Pods_Studr.framework */,
			);
			name = Frameworks;
			sourceTree = "<group>";
		};
/* End PBXGroup section */

/* Begin PBXNativeTarget section */
		030C71ED1BA4B6FB007F7200 /* Studr */ = {
			isa = PBXNativeTarget;
			buildConfigurationList = 030C720D1BA4B6FB007F7200 /* Build configuration list for PBXNativeTarget "Studr" */;
			buildPhases = (
				5787CD52416CE81218A63FB7 /* Check Pods Manifest.lock */,
				030C71EA1BA4B6FB007F7200 /* Sources */,
				030C71EB1BA4B6FB007F7200 /* Frameworks */,
				030C71EC1BA4B6FB007F7200 /* Resources */,
				81D6F79BAF94C7F9D3A13747 /* Embed Pods Frameworks */,
				8D3E347FAF7DD7639F1BE28C /* Copy Pods Resources */,
			);
			buildRules = (
			);
			dependencies = (
			);
			name = Studr;
			productName = Studr;
			productReference = 030C71EE1BA4B6FB007F7200 /* Studr.app */;
			productType = "com.apple.product-type.application";
		};
		030C72021BA4B6FB007F7200 /* StudrTests */ = {
			isa = PBXNativeTarget;
			buildConfigurationList = 030C72101BA4B6FB007F7200 /* Build configuration list for PBXNativeTarget "StudrTests" */;
			buildPhases = (
				030C71FF1BA4B6FB007F7200 /* Sources */,
				030C72001BA4B6FB007F7200 /* Frameworks */,
				030C72011BA4B6FB007F7200 /* Resources */,
			);
			buildRules = (
			);
			dependencies = (
				030C72051BA4B6FB007F7200 /* PBXTargetDependency */,
			);
			name = StudrTests;
			productName = StudrTests;
			productReference = 030C72031BA4B6FB007F7200 /* StudrTests.xctest */;
			productType = "com.apple.product-type.bundle.unit-test";
		};
/* End PBXNativeTarget section */

/* Begin PBXProject section */
		030C71E61BA4B6FA007F7200 /* Project object */ = {
			isa = PBXProject;
			attributes = {
				LastUpgradeCheck = 0640;
				ORGANIZATIONNAME = "Joshua Herkness";
				TargetAttributes = {
					030C71ED1BA4B6FB007F7200 = {
						CreatedOnToolsVersion = 6.4;
						DevelopmentTeam = 2S3D8J8M3T;
						SystemCapabilities = {
							com.apple.InAppPurchase = {
								enabled = 0;
							};
						};
					};
					030C72021BA4B6FB007F7200 = {
						CreatedOnToolsVersion = 6.4;
						TestTargetID = 030C71ED1BA4B6FB007F7200;
					};
				};
			};
			buildConfigurationList = 030C71E91BA4B6FA007F7200 /* Build configuration list for PBXProject "Studr" */;
			compatibilityVersion = "Xcode 3.2";
			developmentRegion = English;
			hasScannedForEncodings = 0;
			knownRegions = (
				en,
				Base,
			);
			mainGroup = 030C71E51BA4B6FA007F7200;
			productRefGroup = 030C71EF1BA4B6FB007F7200 /* Products */;
			projectDirPath = "";
			projectRoot = "";
			targets = (
				030C71ED1BA4B6FB007F7200 /* Studr */,
				030C72021BA4B6FB007F7200 /* StudrTests */,
			);
		};
/* End PBXProject section */

/* Begin PBXResourcesBuildPhase section */
		030C71EC1BA4B6FB007F7200 /* Resources */ = {
			isa = PBXResourcesBuildPhase;
			buildActionMask = 2147483647;
			files = (
				030C71F91BA4B6FB007F7200 /* Main.storyboard in Resources */,
				030C71FE1BA4B6FB007F7200 /* LaunchScreen.xib in Resources */,
				030C71FB1BA4B6FB007F7200 /* Images.xcassets in Resources */,
			);
			runOnlyForDeploymentPostprocessing = 0;
		};
		030C72011BA4B6FB007F7200 /* Resources */ = {
			isa = PBXResourcesBuildPhase;
			buildActionMask = 2147483647;
			files = (
			);
			runOnlyForDeploymentPostprocessing = 0;
		};
/* End PBXResourcesBuildPhase section */

/* Begin PBXShellScriptBuildPhase section */
		5787CD52416CE81218A63FB7 /* Check Pods Manifest.lock */ = {
			isa = PBXShellScriptBuildPhase;
			buildActionMask = 2147483647;
			files = (
			);
			inputPaths = (
			);
			name = "Check Pods Manifest.lock";
			outputPaths = (
			);
			runOnlyForDeploymentPostprocessing = 0;
			shellPath = /bin/sh;
			shellScript = "diff \"${PODS_ROOT}/../Podfile.lock\" \"${PODS_ROOT}/Manifest.lock\" > /dev/null\nif [[ $? != 0 ]] ; then\n    cat << EOM\nerror: The sandbox is not in sync with the Podfile.lock. Run 'pod install' or update your CocoaPods installation.\nEOM\n    exit 1\nfi\n";
			showEnvVarsInLog = 0;
		};
		81D6F79BAF94C7F9D3A13747 /* Embed Pods Frameworks */ = {
			isa = PBXShellScriptBuildPhase;
			buildActionMask = 2147483647;
			files = (
			);
			inputPaths = (
			);
			name = "Embed Pods Frameworks";
			outputPaths = (
			);
			runOnlyForDeploymentPostprocessing = 0;
			shellPath = /bin/sh;
			shellScript = "\"${SRCROOT}/Pods/Target Support Files/Pods-Studr/Pods-Studr-frameworks.sh\"\n";
			showEnvVarsInLog = 0;
		};
		8D3E347FAF7DD7639F1BE28C /* Copy Pods Resources */ = {
			isa = PBXShellScriptBuildPhase;
			buildActionMask = 2147483647;
			files = (
			);
			inputPaths = (
			);
			name = "Copy Pods Resources";
			outputPaths = (
			);
			runOnlyForDeploymentPostprocessing = 0;
			shellPath = /bin/sh;
			shellScript = "\"${SRCROOT}/Pods/Target Support Files/Pods-Studr/Pods-Studr-resources.sh\"\n";
			showEnvVarsInLog = 0;
		};
/* End PBXShellScriptBuildPhase section */

/* Begin PBXSourcesBuildPhase section */
		030C71EA1BA4B6FB007F7200 /* Sources */ = {
			isa = PBXSourcesBuildPhase;
			buildActionMask = 2147483647;
			files = (
				03EBBE491BA4FA6000D328FF /* AvailabilityViewController.swift in Sources */,
				030C725D1BA4C91C007F7200 /* LogInViewController.swift in Sources */,
				030C725F1BA4D1AC007F7200 /* InformationTableViewController.swift in Sources */,
				CCBB7A461BA540DA00A46F17 /* Group.swift in Sources */,
				030C72611BA4E980007F7200 /* SignUpViewController.swift in Sources */,
				030C71F61BA4B6FB007F7200 /* ViewController.swift in Sources */,
				030C725B1BA4BC52007F7200 /* GroupTableViewController.swift in Sources */,
				030C71F41BA4B6FB007F7200 /* AppDelegate.swift in Sources */,
				CC59107F1BA5217800AB51E6 /* FriendTableViewController.swift in Sources */,
				030C725A1BA4BC52007F7200 /* CreateGroupViewController.swift in Sources */,
				CC59107D1BA517FD00AB51E6 /* Database.swift in Sources */,
				030C72591BA4BC52007F7200 /* FriendsTableViewController.swift in Sources */,
				7C2356DA1BA551BE004AD5EA /* FriendManagerTableViewController.swift in Sources */,
			);
			runOnlyForDeploymentPostprocessing = 0;
		};
		030C71FF1BA4B6FB007F7200 /* Sources */ = {
			isa = PBXSourcesBuildPhase;
			buildActionMask = 2147483647;
			files = (
				030C720A1BA4B6FB007F7200 /* StudrTests.swift in Sources */,
			);
			runOnlyForDeploymentPostprocessing = 0;
		};
/* End PBXSourcesBuildPhase section */

/* Begin PBXTargetDependency section */
		030C72051BA4B6FB007F7200 /* PBXTargetDependency */ = {
			isa = PBXTargetDependency;
			target = 030C71ED1BA4B6FB007F7200 /* Studr */;
			targetProxy = 030C72041BA4B6FB007F7200 /* PBXContainerItemProxy */;
		};
/* End PBXTargetDependency section */

/* Begin PBXVariantGroup section */
		030C71F71BA4B6FB007F7200 /* Main.storyboard */ = {
			isa = PBXVariantGroup;
			children = (
				030C71F81BA4B6FB007F7200 /* Base */,
			);
			name = Main.storyboard;
			sourceTree = "<group>";
		};
		030C71FC1BA4B6FB007F7200 /* LaunchScreen.xib */ = {
			isa = PBXVariantGroup;
			children = (
				030C71FD1BA4B6FB007F7200 /* Base */,
			);
			name = LaunchScreen.xib;
			sourceTree = "<group>";
		};
/* End PBXVariantGroup section */

/* Begin XCBuildConfiguration section */
		030C720B1BA4B6FB007F7200 /* Debug */ = {
			isa = XCBuildConfiguration;
			buildSettings = {
				ALWAYS_SEARCH_USER_PATHS = NO;
				CLANG_CXX_LANGUAGE_STANDARD = "gnu++0x";
				CLANG_CXX_LIBRARY = "libc++";
				CLANG_ENABLE_MODULES = YES;
				CLANG_ENABLE_OBJC_ARC = YES;
				CLANG_WARN_BOOL_CONVERSION = YES;
				CLANG_WARN_CONSTANT_CONVERSION = YES;
				CLANG_WARN_DIRECT_OBJC_ISA_USAGE = YES_ERROR;
				CLANG_WARN_EMPTY_BODY = YES;
				CLANG_WARN_ENUM_CONVERSION = YES;
				CLANG_WARN_INT_CONVERSION = YES;
				CLANG_WARN_OBJC_ROOT_CLASS = YES_ERROR;
				CLANG_WARN_UNREACHABLE_CODE = YES;
				CLANG_WARN__DUPLICATE_METHOD_MATCH = YES;
				"CODE_SIGN_IDENTITY[sdk=iphoneos*]" = "iPhone Developer";
				COPY_PHASE_STRIP = NO;
				DEBUG_INFORMATION_FORMAT = "dwarf-with-dsym";
				ENABLE_STRICT_OBJC_MSGSEND = YES;
				GCC_C_LANGUAGE_STANDARD = gnu99;
				GCC_DYNAMIC_NO_PIC = NO;
				GCC_NO_COMMON_BLOCKS = YES;
				GCC_OPTIMIZATION_LEVEL = 0;
				GCC_PREPROCESSOR_DEFINITIONS = (
					"DEBUG=1",
					"$(inherited)",
				);
				GCC_SYMBOLS_PRIVATE_EXTERN = NO;
				GCC_WARN_64_TO_32_BIT_CONVERSION = YES;
				GCC_WARN_ABOUT_RETURN_TYPE = YES_ERROR;
				GCC_WARN_UNDECLARED_SELECTOR = YES;
				GCC_WARN_UNINITIALIZED_AUTOS = YES_AGGRESSIVE;
				GCC_WARN_UNUSED_FUNCTION = YES;
				GCC_WARN_UNUSED_VARIABLE = YES;
				IPHONEOS_DEPLOYMENT_TARGET = 8.4;
				MTL_ENABLE_DEBUG_INFO = YES;
				ONLY_ACTIVE_ARCH = YES;
				SDKROOT = iphoneos;
				SWIFT_OPTIMIZATION_LEVEL = "-Onone";
				TARGETED_DEVICE_FAMILY = "1,2";
			};
			name = Debug;
		};
		030C720C1BA4B6FB007F7200 /* Release */ = {
			isa = XCBuildConfiguration;
			buildSettings = {
				ALWAYS_SEARCH_USER_PATHS = NO;
				CLANG_CXX_LANGUAGE_STANDARD = "gnu++0x";
				CLANG_CXX_LIBRARY = "libc++";
				CLANG_ENABLE_MODULES = YES;
				CLANG_ENABLE_OBJC_ARC = YES;
				CLANG_WARN_BOOL_CONVERSION = YES;
				CLANG_WARN_CONSTANT_CONVERSION = YES;
				CLANG_WARN_DIRECT_OBJC_ISA_USAGE = YES_ERROR;
				CLANG_WARN_EMPTY_BODY = YES;
				CLANG_WARN_ENUM_CONVERSION = YES;
				CLANG_WARN_INT_CONVERSION = YES;
				CLANG_WARN_OBJC_ROOT_CLASS = YES_ERROR;
				CLANG_WARN_UNREACHABLE_CODE = YES;
				CLANG_WARN__DUPLICATE_METHOD_MATCH = YES;
				"CODE_SIGN_IDENTITY[sdk=iphoneos*]" = "iPhone Developer";
				COPY_PHASE_STRIP = NO;
				DEBUG_INFORMATION_FORMAT = "dwarf-with-dsym";
				ENABLE_NS_ASSERTIONS = NO;
				ENABLE_STRICT_OBJC_MSGSEND = YES;
				GCC_C_LANGUAGE_STANDARD = gnu99;
				GCC_NO_COMMON_BLOCKS = YES;
				GCC_WARN_64_TO_32_BIT_CONVERSION = YES;
				GCC_WARN_ABOUT_RETURN_TYPE = YES_ERROR;
				GCC_WARN_UNDECLARED_SELECTOR = YES;
				GCC_WARN_UNINITIALIZED_AUTOS = YES_AGGRESSIVE;
				GCC_WARN_UNUSED_FUNCTION = YES;
				GCC_WARN_UNUSED_VARIABLE = YES;
				IPHONEOS_DEPLOYMENT_TARGET = 8.4;
				MTL_ENABLE_DEBUG_INFO = NO;
				SDKROOT = iphoneos;
				TARGETED_DEVICE_FAMILY = "1,2";
				VALIDATE_PRODUCT = YES;
			};
			name = Release;
		};
		030C720E1BA4B6FB007F7200 /* Debug */ = {
			isa = XCBuildConfiguration;
			baseConfigurationReference = BC035CF6D61E01DCF33C067C /* Pods-Studr.debug.xcconfig */;
			buildSettings = {
				ARCHS = "$(ARCHS_STANDARD)";
				ASSETCATALOG_COMPILER_APPICON_NAME = AppIcon;
				CODE_SIGN_IDENTITY = "iPhone Developer";
				FRAMEWORK_SEARCH_PATHS = (
					"$(inherited)",
					"$(PROJECT_DIR)",
					"$(PROJECT_DIR)/Studr",
				);
				INFOPLIST_FILE = Studr/Info.plist;
				LD_RUNPATH_SEARCH_PATHS = "$(inherited) @executable_path/Frameworks";
				LIBRARY_SEARCH_PATHS = (
					"$(inherited)",
					"$(PROJECT_DIR)",
				);
				ONLY_ACTIVE_ARCH = YES;
				PRODUCT_NAME = "$(TARGET_NAME)";
			};
			name = Debug;
		};
		030C720F1BA4B6FB007F7200 /* Release */ = {
			isa = XCBuildConfiguration;
			baseConfigurationReference = 5C10A888ACB9DEF36F061F5F /* Pods-Studr.release.xcconfig */;
			buildSettings = {
				ARCHS = "$(ARCHS_STANDARD)";
				ASSETCATALOG_COMPILER_APPICON_NAME = AppIcon;
				CODE_SIGN_IDENTITY = "iPhone Developer";
				FRAMEWORK_SEARCH_PATHS = (
					"$(inherited)",
					"$(PROJECT_DIR)",
					"$(PROJECT_DIR)/Studr",
				);
				INFOPLIST_FILE = Studr/Info.plist;
				LD_RUNPATH_SEARCH_PATHS = "$(inherited) @executable_path/Frameworks";
				LIBRARY_SEARCH_PATHS = (
					"$(inherited)",
					"$(PROJECT_DIR)",
				);
				ONLY_ACTIVE_ARCH = YES;
				PRODUCT_NAME = "$(TARGET_NAME)";
			};
			name = Release;
		};
		030C72111BA4B6FB007F7200 /* Debug */ = {
			isa = XCBuildConfiguration;
			buildSettings = {
				BUNDLE_LOADER = "$(TEST_HOST)";
				FRAMEWORK_SEARCH_PATHS = (
					"$(SDKROOT)/Developer/Library/Frameworks",
					"$(inherited)",
				);
				GCC_PREPROCESSOR_DEFINITIONS = (
					"DEBUG=1",
					"$(inherited)",
				);
				INFOPLIST_FILE = StudrTests/Info.plist;
				LD_RUNPATH_SEARCH_PATHS = "$(inherited) @executable_path/Frameworks @loader_path/Frameworks";
				PRODUCT_NAME = "$(TARGET_NAME)";
				TEST_HOST = "$(BUILT_PRODUCTS_DIR)/Studr.app/Studr";
			};
			name = Debug;
		};
		030C72121BA4B6FB007F7200 /* Release */ = {
			isa = XCBuildConfiguration;
			buildSettings = {
				BUNDLE_LOADER = "$(TEST_HOST)";
				FRAMEWORK_SEARCH_PATHS = (
					"$(SDKROOT)/Developer/Library/Frameworks",
					"$(inherited)",
				);
				INFOPLIST_FILE = StudrTests/Info.plist;
				LD_RUNPATH_SEARCH_PATHS = "$(inherited) @executable_path/Frameworks @loader_path/Frameworks";
				PRODUCT_NAME = "$(TARGET_NAME)";
				TEST_HOST = "$(BUILT_PRODUCTS_DIR)/Studr.app/Studr";
			};
			name = Release;
		};
/* End XCBuildConfiguration section */

/* Begin XCConfigurationList section */
		030C71E91BA4B6FA007F7200 /* Build configuration list for PBXProject "Studr" */ = {
			isa = XCConfigurationList;
			buildConfigurations = (
				030C720B1BA4B6FB007F7200 /* Debug */,
				030C720C1BA4B6FB007F7200 /* Release */,
			);
			defaultConfigurationIsVisible = 0;
			defaultConfigurationName = Release;
		};
		030C720D1BA4B6FB007F7200 /* Build configuration list for PBXNativeTarget "Studr" */ = {
			isa = XCConfigurationList;
			buildConfigurations = (
				030C720E1BA4B6FB007F7200 /* Debug */,
				030C720F1BA4B6FB007F7200 /* Release */,
			);
			defaultConfigurationIsVisible = 0;
			defaultConfigurationName = Release;
		};
		030C72101BA4B6FB007F7200 /* Build configuration list for PBXNativeTarget "StudrTests" */ = {
			isa = XCConfigurationList;
			buildConfigurations = (
				030C72111BA4B6FB007F7200 /* Debug */,
				030C72121BA4B6FB007F7200 /* Release */,
			);
			defaultConfigurationIsVisible = 0;
			defaultConfigurationName = Release;
		};
/* End XCConfigurationList section */
	};
	rootObject = 030C71E61BA4B6FA007F7200 /* Project object */;
}
